
Microsoft Visual Studio Solution File, Format Version 12.00
# Visual Studio Version 16
VisualStudioVersion = 16.0.31205.134
MinimumVisualStudioVersion = 10.0.40219.1
Project("{F184B08F-C81C-45F6-A57F-5ABD9991F28F}") = "MEMORY", "MEMORY\MEMORY.vbproj", "{B7ABACE5-3D9C-4828-90A7-5439AAA4788A}"
EndProject
Global
	GlobalSection(SolutionConfigurationPlatforms) = preSolution
		Debug|Any CPU = Debug|Any CPU
		Release|Any CPU = Release|Any CPU
	EndGlobalSection
	GlobalSection(ProjectConfigurationPlatforms) = postSolution
		{B7ABACE5-3D9C-4828-90A7-5439AAA4788A}.Debug|Any CPU.ActiveCfg = Debug|Any CPU
		{B7ABACE5-3D9C-4828-90A7-5439AAA4788A}.Debug|Any CPU.Build.0 = Debug|Any CPU
		{B7ABACE5-3D9C-4828-90A7-5439AAA4788A}.Release|Any CPU.ActiveCfg = Release|Any CPU
		{B7ABACE5-3D9C-4828-90A7-5439AAA4788A}.Release|Any CPU.Build.0 = Release|Any CPU
	EndGlobalSection
	GlobalSection(SolutionProperties) = preSolution
		HideSolutionNode = FALSE
	EndGlobalSection
	GlobalSection(ExtensibilityGlobals) = postSolution
		SolutionGuid = {386D3226-1E79-492D-8400-52FAEECAE076}
	EndGlobalSection
EndGlobal
